# THIS IS AN AUTOGENERATED FILE. DO NOT EDIT THIS FILE DIRECTLY.
# yarn lockfile v1


"@types/mocha@^2.2.42":
  version "2.2.48"
  resolved "https://registry.yarnpkg.com/@types/mocha/-/mocha-2.2.48.tgz#3523b126a0b049482e1c3c11877460f76622ffab"
  integrity sha512-nlK/iyETgafGli8Zh9zJVCTicvU3iajSkRwOh3Hhiva598CMqNJ4NcVCGMTGKpGpTYj/9R8RLzS9NAykSSCqGw==

"@types/node@^7.0.43":
  version "7.10.6"
  resolved "https://registry.yarnpkg.com/@types/node/-/node-7.10.6.tgz#c42137f0f2f6458bf0c898d65f48c5f600911475"
  integrity sha512-d0BOAicT0tEdbdVQlLGOVul1kvg6YvbaADRCThGCz5NJ0e9r00SofcR1x69hmlCyrHuB6jd4cKzL9bMLjPnpAA==

"@types/vscode@1.37":
  version "1.37.0"
  resolved "https://registry.yarnpkg.com/@types/vscode/-/vscode-1.37.0.tgz#fb26ffabfabcd50ba70e8b454122a91b84548080"
  integrity sha512-PRfeuqYuzk3vjf+puzxltIUWC+AhEGYpFX29/37w30DQSQnpf5AgMVf7GDBAdmTbWTBou+EMFz/Ne6XCM/KxzQ==

typescript@3.5.2:
  version "3.5.2"
  resolved "https://registry.yarnpkg.com/typescript/-/typescript-3.5.2.tgz#a09e1dc69bc9551cadf17dba10ee42cf55e5d56c"
  integrity sha512-7KxJovlYhTX5RaRbUdkAXN1KUZ8PwWlTzQdHV6xNqvuFOs7+WBo10TQUqT19Q/Jz2hk5v9TQDIhyLhhJY4p5AA==
